
Microsoft Visual Studio Solution File, Format Version 12.00
# Visual Studio Version 18
VisualStudioVersion = 18.5.11723.231 stable
MinimumVisualStudioVersion = 10.0.40219.1
Project("{FAE04EC0-301F-11D3-BF4B-00C04F79EFBC}") = "AutoNetSpy", "AutoNetSpy\AutoNetSpy.csproj", "{207B3D6D-3B3A-3E94-EA7C-D36EAD0770FF}"
EndProject
Global
	GlobalSection(SolutionConfigurationPlatforms) = preSolution
		Debug|Any CPU = Debug|Any CPU
		Release|Any CPU = Release|Any CPU
	EndGlobalSection
	GlobalSection(ProjectConfigurationPlatforms) = postSolution
		{207B3D6D-3B3A-3E94-EA7C-D36EAD0770FF}.Debug|Any CPU.ActiveCfg = Debug|Any CPU
		{207B3D6D-3B3A-3E94-EA7C-D36EAD0770FF}.Debug|Any CPU.Build.0 = Debug|Any CPU
		{207B3D6D-3B3A-3E94-EA7C-D36EAD0770FF}.Release|Any CPU.ActiveCfg = Release|Any CPU
		{207B3D6D-3B3A-3E94-EA7C-D36EAD0770FF}.Release|Any CPU.Build.0 = Release|Any CPU
	EndGlobalSection
	GlobalSection(SolutionProperties) = preSolution
		HideSolutionNode = FALSE
	EndGlobalSection
	GlobalSection(ExtensibilityGlobals) = postSolution
		SolutionGuid = {9E59E389-4822-414B-BB4A-F8C6F976E3E3}
	EndGlobalSection
EndGlobal
